
Microsoft Visual Studio Solution File, Format Version 12.00
# Visual Studio 15
VisualStudioVersion = 15.0.27428.2005
MinimumVisualStudioVersion = 10.0.40219.1
Project("{9A19103F-16F7-4668-BE54-9A1E7A4F7556}") = "PonyMaze.Services", "PonyMaze.Services\PonyMaze.Services.csproj", "{D633BFC9-EA11-4ECA-BECB-38C0E8D24159}"
EndProject
Project("{9A19103F-16F7-4668-BE54-9A1E7A4F7556}") = "PonyMaze.Api", "PonyMaze.Api\PonyMaze.Api.csproj", "{7F9C203A-98C2-4A34-813F-CB56BEB5720C}"
EndProject
Global
	GlobalSection(SolutionConfigurationPlatforms) = preSolution
		Debug|Any CPU = Debug|Any CPU
		Release|Any CPU = Release|Any CPU
	EndGlobalSection
	GlobalSection(ProjectConfigurationPlatforms) = postSolution
		{D633BFC9-EA11-4ECA-BECB-38C0E8D24159}.Debug|Any CPU.ActiveCfg = Debug|Any CPU
		{D633BFC9-EA11-4ECA-BECB-38C0E8D24159}.Debug|Any CPU.Build.0 = Debug|Any CPU
		{D633BFC9-EA11-4ECA-BECB-38C0E8D24159}.Release|Any CPU.ActiveCfg = Release|Any CPU
		{D633BFC9-EA11-4ECA-BECB-38C0E8D24159}.Release|Any CPU.Build.0 = Release|Any CPU
		{7F9C203A-98C2-4A34-813F-CB56BEB5720C}.Debug|Any CPU.ActiveCfg = Debug|Any CPU
		{7F9C203A-98C2-4A34-813F-CB56BEB5720C}.Debug|Any CPU.Build.0 = Debug|Any CPU
		{7F9C203A-98C2-4A34-813F-CB56BEB5720C}.Release|Any CPU.ActiveCfg = Release|Any CPU
		{7F9C203A-98C2-4A34-813F-CB56BEB5720C}.Release|Any CPU.Build.0 = Release|Any CPU
	EndGlobalSection
	GlobalSection(SolutionProperties) = preSolution
		HideSolutionNode = FALSE
	EndGlobalSection
	GlobalSection(ExtensibilityGlobals) = postSolution
		SolutionGuid = {84058EB6-C352-4642-AC81-FBC2057B085E}
	EndGlobalSection
EndGlobal
